
Microsoft Visual Studio Solution File, Format Version 12.00
# Visual Studio Version 17
VisualStudioVersion = 17.4.33205.214
MinimumVisualStudioVersion = 10.0.40219.1
Project("{FAE04EC0-301F-11D3-BF4B-00C04F79EFBC}") = "MovieReview.Android", "MovieReview\MovieReview.Android\MovieReview.Android.csproj", "{222FFD4C-004E-4AF0-98D4-F2D755CE9FF4}"
EndProject
Project("{9A19103F-16F7-4668-BE54-9A1E7A4F7556}") = "MovieReview", "MovieReview\MovieReview\MovieReview.csproj", "{1A7FD743-5777-4D44-996B-CBC9D5446086}"
EndProject
Project("{9A19103F-16F7-4668-BE54-9A1E7A4F7556}") = "MoviewReview.Test", "..\MovieReview-dev\MovieReview-dev\MovieReview\MoviewReview.UnitTest\MoviewReview.Test.csproj", "{E4D372B3-3718-49AC-A7BD-B99533ED0428}"
EndProject
Global
	GlobalSection(SolutionConfigurationPlatforms) = preSolution
		Debug|Any CPU = Debug|Any CPU
		Release|Any CPU = Release|Any CPU
	EndGlobalSection
	GlobalSection(ProjectConfigurationPlatforms) = postSolution
		{222FFD4C-004E-4AF0-98D4-F2D755CE9FF4}.Debug|Any CPU.ActiveCfg = Debug|Any CPU
		{222FFD4C-004E-4AF0-98D4-F2D755CE9FF4}.Debug|Any CPU.Build.0 = Debug|Any CPU
		{222FFD4C-004E-4AF0-98D4-F2D755CE9FF4}.Debug|Any CPU.Deploy.0 = Debug|Any CPU
		{222FFD4C-004E-4AF0-98D4-F2D755CE9FF4}.Release|Any CPU.ActiveCfg = Release|Any CPU
		{222FFD4C-004E-4AF0-98D4-F2D755CE9FF4}.Release|Any CPU.Build.0 = Release|Any CPU
		{222FFD4C-004E-4AF0-98D4-F2D755CE9FF4}.Release|Any CPU.Deploy.0 = Release|Any CPU
		{1A7FD743-5777-4D44-996B-CBC9D5446086}.Debug|Any CPU.ActiveCfg = Debug|Any CPU
		{1A7FD743-5777-4D44-996B-CBC9D5446086}.Debug|Any CPU.Build.0 = Debug|Any CPU
		{1A7FD743-5777-4D44-996B-CBC9D5446086}.Debug|Any CPU.Deploy.0 = Debug|Any CPU
		{1A7FD743-5777-4D44-996B-CBC9D5446086}.Release|Any CPU.ActiveCfg = Release|Any CPU
		{1A7FD743-5777-4D44-996B-CBC9D5446086}.Release|Any CPU.Build.0 = Release|Any CPU
		{1A7FD743-5777-4D44-996B-CBC9D5446086}.Release|Any CPU.Deploy.0 = Release|Any CPU
		{E4D372B3-3718-49AC-A7BD-B99533ED0428}.Debug|Any CPU.ActiveCfg = Debug|Any CPU
		{E4D372B3-3718-49AC-A7BD-B99533ED0428}.Debug|Any CPU.Build.0 = Debug|Any CPU
		{E4D372B3-3718-49AC-A7BD-B99533ED0428}.Release|Any CPU.ActiveCfg = Release|Any CPU
		{E4D372B3-3718-49AC-A7BD-B99533ED0428}.Release|Any CPU.Build.0 = Release|Any CPU
	EndGlobalSection
	GlobalSection(SolutionProperties) = preSolution
		HideSolutionNode = FALSE
	EndGlobalSection
	GlobalSection(ExtensibilityGlobals) = postSolution
		SolutionGuid = {CD8B1011-93A4-49C6-8528-99728191B93F}
	EndGlobalSection
EndGlobal
